[{<<"cowboy">>,
  {git,"https://github.com/ninenines/cowboy",
       {ref,"b403f26da6bef8ff41855fa499c75f42b02ecb69"}},
  0},
 {<<"cowlib">>,
  {git,"https://github.com/ninenines/cowlib",
       {ref,"15750e632d9886eb9bfc876ba03402464b8facb3"}},
  1},
 {<<"ranch">>,
  {git,"https://github.com/ninenines/ranch",
       {ref,"40809cd2b257a8a53bcb5588ecaa88cc5381ff5c"}},
  1},
 {<<"thrift">>,
  {git,"https://github.com/asdfsx/thrift-erlang.git",
       {ref,"e39ba9b10d40121063cbe79f1071faa4b5b6bd44"}},
  0}].
